
Microsoft Visual Studio Solution File, Format Version 12.00
# Visual Studio Version 16
VisualStudioVersion = 16.0.31424.327
MinimumVisualStudioVersion = 10.0.40219.1
Project("{FAE04EC0-301F-11D3-BF4B-00C04F79EFBC}") = "01. Conditional Statements And Loops", "01. Conditional Statements And Loops\01. Conditional Statements And Loops.csproj", "{B3AAB10E-65F5-4AA6-A460-0AC1B8A80326}"
EndProject
Project("{FAE04EC0-301F-11D3-BF4B-00C04F79EFBC}") = "02. Arrays", "02. Arrays\02. Arrays.csproj", "{5EC26F9A-AD18-4220-9789-0FA01AF6B28F}"
EndProject
Project("{FAE04EC0-301F-11D3-BF4B-00C04F79EFBC}") = "03. Lists", "03. Lists\03. Lists.csproj", "{AD812789-F266-4751-84F8-3BDF769DAB33}"
EndProject
Project("{FAE04EC0-301F-11D3-BF4B-00C04F79EFBC}") = "TestTEST", "TestTEST\TestTEST.csproj", "{92C3CDAD-13F8-4830-86C7-8DAA0B3982AF}"
EndProject
Global
	GlobalSection(SolutionConfigurationPlatforms) = preSolution
		Debug|Any CPU = Debug|Any CPU
		Release|Any CPU = Release|Any CPU
	EndGlobalSection
	GlobalSection(ProjectConfigurationPlatforms) = postSolution
		{B3AAB10E-65F5-4AA6-A460-0AC1B8A80326}.Debug|Any CPU.ActiveCfg = Debug|Any CPU
		{B3AAB10E-65F5-4AA6-A460-0AC1B8A80326}.Debug|Any CPU.Build.0 = Debug|Any CPU
		{B3AAB10E-65F5-4AA6-A460-0AC1B8A80326}.Release|Any CPU.ActiveCfg = Release|Any CPU
		{B3AAB10E-65F5-4AA6-A460-0AC1B8A80326}.Release|Any CPU.Build.0 = Release|Any CPU
		{5EC26F9A-AD18-4220-9789-0FA01AF6B28F}.Debug|Any CPU.ActiveCfg = Debug|Any CPU
		{5EC26F9A-AD18-4220-9789-0FA01AF6B28F}.Debug|Any CPU.Build.0 = Debug|Any CPU
		{5EC26F9A-AD18-4220-9789-0FA01AF6B28F}.Release|Any CPU.ActiveCfg = Release|Any CPU
		{5EC26F9A-AD18-4220-9789-0FA01AF6B28F}.Release|Any CPU.Build.0 = Release|Any CPU
		{AD812789-F266-4751-84F8-3BDF769DAB33}.Debug|Any CPU.ActiveCfg = Debug|Any CPU
		{AD812789-F266-4751-84F8-3BDF769DAB33}.Debug|Any CPU.Build.0 = Debug|Any CPU
		{AD812789-F266-4751-84F8-3BDF769DAB33}.Release|Any CPU.ActiveCfg = Release|Any CPU
		{AD812789-F266-4751-84F8-3BDF769DAB33}.Release|Any CPU.Build.0 = Release|Any CPU
		{92C3CDAD-13F8-4830-86C7-8DAA0B3982AF}.Debug|Any CPU.ActiveCfg = Debug|Any CPU
		{92C3CDAD-13F8-4830-86C7-8DAA0B3982AF}.Debug|Any CPU.Build.0 = Debug|Any CPU
		{92C3CDAD-13F8-4830-86C7-8DAA0B3982AF}.Release|Any CPU.ActiveCfg = Release|Any CPU
		{92C3CDAD-13F8-4830-86C7-8DAA0B3982AF}.Release|Any CPU.Build.0 = Release|Any CPU
	EndGlobalSection
	GlobalSection(SolutionProperties) = preSolution
		HideSolutionNode = FALSE
	EndGlobalSection
	GlobalSection(ExtensibilityGlobals) = postSolution
		SolutionGuid = {3C51630F-82CA-411C-8CBA-CF1B2AAFE0BD}
	EndGlobalSection
EndGlobal
