
Microsoft Visual Studio Solution File, Format Version 12.00
# Visual Studio Version 16
VisualStudioVersion = 16.0.31727.386
MinimumVisualStudioVersion = 10.0.40219.1
Project("{9A19103F-16F7-4668-BE54-9A1E7A4F7556}") = "01 Stack Ques", "01 Stack Ques\01 Stack Ques.csproj", "{480675D7-6A07-4AAC-B2EA-54C23EB2E394}"
EndProject
Project("{9A19103F-16F7-4668-BE54-9A1E7A4F7556}") = "02. Matrix", "02. Matrix\02. Matrix.csproj", "{9F0BAFF0-4512-4DD0-BB13-D79177E7ED6F}"
EndProject
Project("{FAE04EC0-301F-11D3-BF4B-00C04F79EFBC}") = "matrixes", "matrixes\matrixes.csproj", "{AC830F8F-9260-4610-B680-1D09D2FA6866}"
EndProject
Global
	GlobalSection(SolutionConfigurationPlatforms) = preSolution
		Debug|Any CPU = Debug|Any CPU
		Release|Any CPU = Release|Any CPU
	EndGlobalSection
	GlobalSection(ProjectConfigurationPlatforms) = postSolution
		{480675D7-6A07-4AAC-B2EA-54C23EB2E394}.Debug|Any CPU.ActiveCfg = Debug|Any CPU
		{480675D7-6A07-4AAC-B2EA-54C23EB2E394}.Debug|Any CPU.Build.0 = Debug|Any CPU
		{480675D7-6A07-4AAC-B2EA-54C23EB2E394}.Release|Any CPU.ActiveCfg = Release|Any CPU
		{480675D7-6A07-4AAC-B2EA-54C23EB2E394}.Release|Any CPU.Build.0 = Release|Any CPU
		{9F0BAFF0-4512-4DD0-BB13-D79177E7ED6F}.Debug|Any CPU.ActiveCfg = Debug|Any CPU
		{9F0BAFF0-4512-4DD0-BB13-D79177E7ED6F}.Debug|Any CPU.Build.0 = Debug|Any CPU
		{9F0BAFF0-4512-4DD0-BB13-D79177E7ED6F}.Release|Any CPU.ActiveCfg = Release|Any CPU
		{9F0BAFF0-4512-4DD0-BB13-D79177E7ED6F}.Release|Any CPU.Build.0 = Release|Any CPU
		{AC830F8F-9260-4610-B680-1D09D2FA6866}.Debug|Any CPU.ActiveCfg = Debug|Any CPU
		{AC830F8F-9260-4610-B680-1D09D2FA6866}.Debug|Any CPU.Build.0 = Debug|Any CPU
		{AC830F8F-9260-4610-B680-1D09D2FA6866}.Release|Any CPU.ActiveCfg = Release|Any CPU
		{AC830F8F-9260-4610-B680-1D09D2FA6866}.Release|Any CPU.Build.0 = Release|Any CPU
	EndGlobalSection
	GlobalSection(SolutionProperties) = preSolution
		HideSolutionNode = FALSE
	EndGlobalSection
	GlobalSection(ExtensibilityGlobals) = postSolution
		SolutionGuid = {1D4AE1E7-E244-4105-BE51-F2B9D433FDD6}
	EndGlobalSection
EndGlobal
